// !$*UTF8*$!
{
	archiveVersion = 1;
	classes = {
	};
	objectVersion = 46;
	objects = {

/* Begin PBXBuildFile section */
		D92CC26F1E7E9BD50018DD64 /* AppDelegate.swift in Sources */ = {isa = PBXBuildFile; fileRef = D92CC26E1E7E9BD50018DD64 /* AppDelegate.swift */; };
		D92CC2711E7E9BD50018DD64 /* FaceViewController.swift in Sources */ = {isa = PBXBuildFile; fileRef = D92CC2701E7E9BD50018DD64 /* FaceViewController.swift */; };
		D92CC2741E7E9BD50018DD64 /* Main.storyboard in Resources */ = {isa = PBXBuildFile; fileRef = D92CC2721E7E9BD50018DD64 /* Main.storyboard */; };
		D92CC2761E7E9BD50018DD64 /* Assets.xcassets in Resources */ = {isa = PBXBuildFile; fileRef = D92CC2751E7E9BD50018DD64 /* Assets.xcassets */; };
		D92CC2791E7E9BD50018DD64 /* LaunchScreen.storyboard in Resources */ = {isa = PBXBuildFile; fileRef = D92CC2771E7E9BD50018DD64 /* LaunchScreen.storyboard */; };
		D92CC2841E7FDED30018DD64 /* FaceView.swift in Sources */ = {isa = PBXBuildFile; fileRef = D92CC2831E7FDED30018DD64 /* FaceView.swift */; };
/* End PBXBuildFile section */

/* Begin PBXFileReference section */
		D92CC26B1E7E9BD50018DD64 /* FaceView.app */ = {isa = PBXFileReference; explicitFileType = wrapper.application; includeInIndex = 0; path = FaceView.app; sourceTree = BUILT_PRODUCTS_DIR; };
		D92CC26E1E7E9BD50018DD64 /* AppDelegate.swift */ = {isa = PBXFileReference; lastKnownFileType = sourcecode.swift; path = AppDelegate.swift; sourceTree = "<group>"; };
		D92CC2701E7E9BD50018DD64 /* FaceViewController.swift */ = {isa = PBXFileReference; lastKnownFileType = sourcecode.swift; path = FaceViewController.swift; sourceTree = "<group>"; };
		D92CC2731E7E9BD50018DD64 /* Base */ = {isa = PBXFileReference; lastKnownFileType = file.storyboard; name = Base; path = Base.lproj/Main.storyboard; sourceTree = "<group>"; };
		D92CC2751E7E9BD50018DD64 /* Assets.xcassets */ = {isa = PBXFileReference; lastKnownFileType = folder.assetcatalog; path = Assets.xcassets; sourceTree = "<group>"; };
		D92CC2781E7E9BD50018DD64 /* Base */ = {isa = PBXFileReference; lastKnownFileType = file.storyboard; name = Base; path = Base.lproj/LaunchScreen.storyboard; sourceTree = "<group>"; };
		D92CC27A1E7E9BD50018DD64 /* Info.plist */ = {isa = PBXFileReference; lastKnownFileType = text.plist.xml; path = Info.plist; sourceTree = "<group>"; };
		D92CC2831E7FDED30018DD64 /* FaceView.swift */ = {isa = PBXFileReference; fileEncoding = 4; lastKnownFileType = sourcecode.swift; path = FaceView.swift; sourceTree = SOURCE_ROOT; };
/* End PBXFileReference section */

/* Begin PBXFrameworksBuildPhase section */
		D92CC2681E7E9BD50018DD64 /* Frameworks */ = {
			isa = PBXFrameworksBuildPhase;
			buildActionMask = 2147483647;
			files = (
			);
			runOnlyForDeploymentPostprocessing = 0;
		};
/* End PBXFrameworksBuildPhase section */

/* Begin PBXGroup section */
		D92CC2621E7E9BD50018DD64 = {
			isa = PBXGroup;
			children = (
				D92CC26D1E7E9BD50018DD64 /* FaceView */,
				D92CC26C1E7E9BD50018DD64 /* Products */,
			);
			sourceTree = "<group>";
		};
		D92CC26C1E7E9BD50018DD64 /* Products */ = {
			isa = PBXGroup;
			children = (
				D92CC26B1E7E9BD50018DD64 /* FaceView.app */,
			);
			name = Products;
			sourceTree = "<group>";
		};
		D92CC26D1E7E9BD50018DD64 /* FaceView */ = {
			isa = PBXGroup;
			children = (
				D92CC2801E7FD4610018DD64 /* Supporting files */,
				D92CC2831E7FDED30018DD64 /* FaceView.swift */,
				D92CC2701E7E9BD50018DD64 /* FaceViewController.swift */,
				D92CC2721E7E9BD50018DD64 /* Main.storyboard */,
			);
			path = FaceView;
			sourceTree = "<group>";
		};
		D92CC2801E7FD4610018DD64 /* Supporting files */ = {
			isa = PBXGroup;
			children = (
				D92CC26E1E7E9BD50018DD64 /* AppDelegate.swift */,
				D92CC2751E7E9BD50018DD64 /* Assets.xcassets */,
				D92CC2771E7E9BD50018DD64 /* LaunchScreen.storyboard */,
				D92CC27A1E7E9BD50018DD64 /* Info.plist */,
			);
			name = "Supporting files";
			sourceTree = "<group>";
		};
/* End PBXGroup section */

/* Begin PBXNativeTarget section */
		D92CC26A1E7E9BD50018DD64 /* FaceView */ = {
			isa = PBXNativeTarget;
			buildConfigurationList = D92CC27D1E7E9BD50018DD64 /* Build configuration list for PBXNativeTarget "FaceView" */;
			buildPhases = (
				D92CC2671E7E9BD50018DD64 /* Sources */,
				D92CC2681E7E9BD50018DD64 /* Frameworks */,
				D92CC2691E7E9BD50018DD64 /* Resources */,
			);
			buildRules = (
			);
			dependencies = (
			);
			name = FaceView;
			productName = FaceView;
			productReference = D92CC26B1E7E9BD50018DD64 /* FaceView.app */;
			productType = "com.apple.product-type.application";
		};
/* End PBXNativeTarget section */

/* Begin PBXProject section */
		D92CC2631E7E9BD50018DD64 /* Project object */ = {
			isa = PBXProject;
			attributes = {
				LastSwiftUpdateCheck = 0820;
				LastUpgradeCheck = 0820;
				ORGANIZATIONNAME = Kremlev;
				TargetAttributes = {
					D92CC26A1E7E9BD50018DD64 = {
						CreatedOnToolsVersion = 8.2.1;
						ProvisioningStyle = Automatic;
					};
				};
			};
			buildConfigurationList = D92CC2661E7E9BD50018DD64 /* Build configuration list for PBXProject "FaceView" */;
			compatibilityVersion = "Xcode 3.2";
			developmentRegion = English;
			hasScannedForEncodings = 0;
			knownRegions = (
				en,
				Base,
			);
			mainGroup = D92CC2621E7E9BD50018DD64;
			productRefGroup = D92CC26C1E7E9BD50018DD64 /* Products */;
			projectDirPath = "";
			projectRoot = "";
			targets = (
				D92CC26A1E7E9BD50018DD64 /* FaceView */,
			);
		};
/* End PBXProject section */

/* Begin PBXResourcesBuildPhase section */
		D92CC2691E7E9BD50018DD64 /* Resources */ = {
			isa = PBXResourcesBuildPhase;
			buildActionMask = 2147483647;
			files = (
				D92CC2791E7E9BD50018DD64 /* LaunchScreen.storyboard in Resources */,
				D92CC2761E7E9BD50018DD64 /* Assets.xcassets in Resources */,
				D92CC2741E7E9BD50018DD64 /* Main.storyboard in Resources */,
			);
			runOnlyForDeploymentPostprocessing = 0;
		};
/* End PBXResourcesBuildPhase section */

/* Begin PBXSourcesBuildPhase section */
		D92CC2671E7E9BD50018DD64 /* Sources */ = {
			isa = PBXSourcesBuildPhase;
			buildActionMask = 2147483647;
			files = (
				D92CC2711E7E9BD50018DD64 /* FaceViewController.swift in Sources */,
				D92CC26F1E7E9BD50018DD64 /* AppDelegate.swift in Sources */,
				D92CC2841E7FDED30018DD64 /* FaceView.swift in Sources */,
			);
			runOnlyForDeploymentPostprocessing = 0;
		};
/* End PBXSourcesBuildPhase section */

/* Begin PBXVariantGroup section */
		D92CC2721E7E9BD50018DD64 /* Main.storyboard */ = {
			isa = PBXVariantGroup;
			children = (
				D92CC2731E7E9BD50018DD64 /* Base */,
			);
			name = Main.storyboard;
			sourceTree = "<group>";
		};
		D92CC2771E7E9BD50018DD64 /* LaunchScreen.storyboard */ = {
			isa = PBXVariantGroup;
			children = (
				D92CC2781E7E9BD50018DD64 /* Base */,
			);
			name = LaunchScreen.storyboard;
			sourceTree = "<group>";
		};
/* End PBXVariantGroup section */

/* Begin XCBuildConfiguration section */
		D92CC27B1E7E9BD50018DD64 /* Debug */ = {
			isa = XCBuildConfiguration;
			buildSettings = {
				ALWAYS_SEARCH_USER_PATHS = NO;
				CLANG_ANALYZER_NONNULL = YES;
				CLANG_CXX_LANGUAGE_STANDARD = "gnu++0x";
				CLANG_CXX_LIBRARY = "libc++";
				CLANG_ENABLE_MODULES = YES;
				CLANG_ENABLE_OBJC_ARC = YES;
				CLANG_WARN_BOOL_CONVERSION = YES;
				CLANG_WARN_CONSTANT_CONVERSION = YES;
				CLANG_WARN_DIRECT_OBJC_ISA_USAGE = YES_ERROR;
				CLANG_WARN_DOCUMENTATION_COMMENTS = YES;
				CLANG_WARN_EMPTY_BODY = YES;
				CLANG_WARN_ENUM_CONVERSION = YES;
				CLANG_WARN_INFINITE_RECURSION = YES;
				CLANG_WARN_INT_CONVERSION = YES;
				CLANG_WARN_OBJC_ROOT_CLASS = YES_ERROR;
				CLANG_WARN_SUSPICIOUS_MOVE = YES;
				CLANG_WARN_UNREACHABLE_CODE = YES;
				CLANG_WARN__DUPLICATE_METHOD_MATCH = YES;
				"CODE_SIGN_IDENTITY[sdk=iphoneos*]" = "iPhone Developer";
				COPY_PHASE_STRIP = NO;
				DEBUG_INFORMATION_FORMAT = dwarf;
				ENABLE_STRICT_OBJC_MSGSEND = YES;
				ENABLE_TESTABILITY = YES;
				GCC_C_LANGUAGE_STANDARD = gnu99;
				GCC_DYNAMIC_NO_PIC = NO;
				GCC_NO_COMMON_BLOCKS = YES;
				GCC_OPTIMIZATION_LEVEL = 0;
				GCC_PREPROCESSOR_DEFINITIONS = (
					"DEBUG=1",
					"$(inherited)",
				);
				GCC_WARN_64_TO_32_BIT_CONVERSION = YES;
				GCC_WARN_ABOUT_RETURN_TYPE = YES_ERROR;
				GCC_WARN_UNDECLARED_SELECTOR = YES;
				GCC_WARN_UNINITIALIZED_AUTOS = YES_AGGRESSIVE;
				GCC_WARN_UNUSED_FUNCTION = YES;
				GCC_WARN_UNUSED_VARIABLE = YES;
				IPHONEOS_DEPLOYMENT_TARGET = 10.2;
				MTL_ENABLE_DEBUG_INFO = YES;
				ONLY_ACTIVE_ARCH = YES;
				SDKROOT = iphoneos;
				SWIFT_ACTIVE_COMPILATION_CONDITIONS = DEBUG;
				SWIFT_OPTIMIZATION_LEVEL = "-Onone";
				TARGETED_DEVICE_FAMILY = "1,2";
			};
			name = Debug;
		};
		D92CC27C1E7E9BD50018DD64 /* Release */ = {
			isa = XCBuildConfiguration;
			buildSettings = {
				ALWAYS_SEARCH_USER_PATHS = NO;
				CLANG_ANALYZER_NONNULL = YES;
				CLANG_CXX_LANGUAGE_STANDARD = "gnu++0x";
				CLANG_CXX_LIBRARY = "libc++";
				CLANG_ENABLE_MODULES = YES;
				CLANG_ENABLE_OBJC_ARC = YES;
				CLANG_WARN_BOOL_CONVERSION = YES;
				CLANG_WARN_CONSTANT_CONVERSION = YES;
				CLANG_WARN_DIRECT_OBJC_ISA_USAGE = YES_ERROR;
				CLANG_WARN_DOCUMENTATION_COMMENTS = YES;
				CLANG_WARN_EMPTY_BODY = YES;
				CLANG_WARN_ENUM_CONVERSION = YES;
				CLANG_WARN_INFINITE_RECURSION = YES;
				CLANG_WARN_INT_CONVERSION = YES;
				CLANG_WARN_OBJC_ROOT_CLASS = YES_ERROR;
				CLANG_WARN_SUSPICIOUS_MOVE = YES;
				CLANG_WARN_UNREACHABLE_CODE = YES;
				CLANG_WARN__DUPLICATE_METHOD_MATCH = YES;
				"CODE_SIGN_IDENTITY[sdk=iphoneos*]" = "iPhone Developer";
				COPY_PHASE_STRIP = NO;
				DEBUG_INFORMATION_FORMAT = "dwarf-with-dsym";
				ENABLE_NS_ASSERTIONS = NO;
				ENABLE_STRICT_OBJC_MSGSEND = YES;
				GCC_C_LANGUAGE_STANDARD = gnu99;
				GCC_NO_COMMON_BLOCKS = YES;
				GCC_WARN_64_TO_32_BIT_CONVERSION = YES;
				GCC_WARN_ABOUT_RETURN_TYPE = YES_ERROR;
				GCC_WARN_UNDECLARED_SELECTOR = YES;
				GCC_WARN_UNINITIALIZED_AUTOS = YES_AGGRESSIVE;
				GCC_WARN_UNUSED_FUNCTION = YES;
				GCC_WARN_UNUSED_VARIABLE = YES;
				IPHONEOS_DEPLOYMENT_TARGET = 10.2;
				MTL_ENABLE_DEBUG_INFO = NO;
				SDKROOT = iphoneos;
				SWIFT_OPTIMIZATION_LEVEL = "-Owholemodule";
				TARGETED_DEVICE_FAMILY = "1,2";
				VALIDATE_PRODUCT = YES;
			};
			name = Release;
		};
		D92CC27E1E7E9BD50018DD64 /* Debug */ = {
			isa = XCBuildConfiguration;
			buildSettings = {
				ASSETCATALOG_COMPILER_APPICON_NAME = AppIcon;
				INFOPLIST_FILE = FaceView/Info.plist;
				LD_RUNPATH_SEARCH_PATHS = "$(inherited) @executable_path/Frameworks";
				PRODUCT_BUNDLE_IDENTIFIER = kremlevmax.FaceView;
				PRODUCT_NAME = "$(TARGET_NAME)";
				SWIFT_VERSION = 3.0;
			};
			name = Debug;
		};
		D92CC27F1E7E9BD50018DD64 /* Release */ = {
			isa = XCBuildConfiguration;
			buildSettings = {
				ASSETCATALOG_COMPILER_APPICON_NAME = AppIcon;
				INFOPLIST_FILE = FaceView/Info.plist;
				LD_RUNPATH_SEARCH_PATHS = "$(inherited) @executable_path/Frameworks";
				PRODUCT_BUNDLE_IDENTIFIER = kremlevmax.FaceView;
				PRODUCT_NAME = "$(TARGET_NAME)";
				SWIFT_VERSION = 3.0;
			};
			name = Release;
		};
/* End XCBuildConfiguration section */

/* Begin XCConfigurationList section */
		D92CC2661E7E9BD50018DD64 /* Build configuration list for PBXProject "FaceView" */ = {
			isa = XCConfigurationList;
			buildConfigurations = (
				D92CC27B1E7E9BD50018DD64 /* Debug */,
				D92CC27C1E7E9BD50018DD64 /* Release */,
			);
			defaultConfigurationIsVisible = 0;
			defaultConfigurationName = Release;
		};
		D92CC27D1E7E9BD50018DD64 /* Build configuration list for PBXNativeTarget "FaceView" */ = {
			isa = XCConfigurationList;
			buildConfigurations = (
				D92CC27E1E7E9BD50018DD64 /* Debug */,
				D92CC27F1E7E9BD50018DD64 /* Release */,
			);
			defaultConfigurationIsVisible = 0;
		};
/* End XCConfigurationList section */
	};
	rootObject = D92CC2631E7E9BD50018DD64 /* Project object */;
}
